
Microsoft Visual Studio Solution File, Format Version 12.00
Project("{FAE04EC0-301F-11D3-BF4B-00C04F79EFBC}") = "Poliglot", "Poliglot\Poliglot.csproj", "{330613AD-EAE5-405D-828C-73C72E0CE818}"
EndProject
Global
	GlobalSection(SolutionConfigurationPlatforms) = preSolution
		Debug|Any CPU = Debug|Any CPU
		Release|Any CPU = Release|Any CPU
	EndGlobalSection
	GlobalSection(ProjectConfigurationPlatforms) = postSolution
		{330613AD-EAE5-405D-828C-73C72E0CE818}.Debug|Any CPU.ActiveCfg = Debug|Any CPU
		{330613AD-EAE5-405D-828C-73C72E0CE818}.Debug|Any CPU.Build.0 = Debug|Any CPU
		{330613AD-EAE5-405D-828C-73C72E0CE818}.Release|Any CPU.ActiveCfg = Release|Any CPU
		{330613AD-EAE5-405D-828C-73C72E0CE818}.Release|Any CPU.Build.0 = Release|Any CPU
	EndGlobalSection
EndGlobal
